
Microsoft Visual Studio Solution File, Format Version 12.00
# Visual Studio Version 16
VisualStudioVersion = 16.0.34601.136
MinimumVisualStudioVersion = 10.0.40219.1
Project("{FAE04EC0-301F-11D3-BF4B-00C04F79EFBC}") = "BiathlonEF", "BiathlonEF.csproj", "{3A5F1313-EC23-437F-9A2E-156E52595645}"
EndProject
Project("{00D1A9C2-B5F0-4AF3-8072-F6C62B433612}") = "BiathlonData", "BiathlonData\BiathlonData.sqlproj", "{4C765230-E4E6-4759-AD0B-58D40EC1358A}"
EndProject
Global
	GlobalSection(SolutionConfigurationPlatforms) = preSolution
		Debug|Any CPU = Debug|Any CPU
		Release|Any CPU = Release|Any CPU
	EndGlobalSection
	GlobalSection(ProjectConfigurationPlatforms) = postSolution
		{3A5F1313-EC23-437F-9A2E-156E52595645}.Debug|Any CPU.ActiveCfg = Debug|Any CPU
		{3A5F1313-EC23-437F-9A2E-156E52595645}.Debug|Any CPU.Build.0 = Debug|Any CPU
		{3A5F1313-EC23-437F-9A2E-156E52595645}.Release|Any CPU.ActiveCfg = Release|Any CPU
		{3A5F1313-EC23-437F-9A2E-156E52595645}.Release|Any CPU.Build.0 = Release|Any CPU
		{4C765230-E4E6-4759-AD0B-58D40EC1358A}.Debug|Any CPU.ActiveCfg = Debug|Any CPU
		{4C765230-E4E6-4759-AD0B-58D40EC1358A}.Debug|Any CPU.Build.0 = Debug|Any CPU
		{4C765230-E4E6-4759-AD0B-58D40EC1358A}.Debug|Any CPU.Deploy.0 = Debug|Any CPU
		{4C765230-E4E6-4759-AD0B-58D40EC1358A}.Release|Any CPU.ActiveCfg = Release|Any CPU
		{4C765230-E4E6-4759-AD0B-58D40EC1358A}.Release|Any CPU.Build.0 = Release|Any CPU
		{4C765230-E4E6-4759-AD0B-58D40EC1358A}.Release|Any CPU.Deploy.0 = Release|Any CPU
	EndGlobalSection
	GlobalSection(SolutionProperties) = preSolution
		HideSolutionNode = FALSE
	EndGlobalSection
	GlobalSection(ExtensibilityGlobals) = postSolution
		SolutionGuid = {AFC0D5F8-AF0E-4337-98F2-D8CBC698BE09}
	EndGlobalSection
EndGlobal
